
Microsoft Visual Studio Solution File, Format Version 12.00
# Visual Studio Version 17
VisualStudioVersion = 17.10.34916.146
MinimumVisualStudioVersion = 10.0.40219.1
Project("{9A19103F-16F7-4668-BE54-9A1E7A4F7556}") = "CosmeticGUI", "CosmeticGUI.csproj", "{19B76B62-EADE-4695-A00B-06D30F6E6610}"
EndProject
Global
	GlobalSection(SolutionConfigurationPlatforms) = preSolution
		Debug|Any CPU = Debug|Any CPU
		Release|Any CPU = Release|Any CPU
	EndGlobalSection
	GlobalSection(ProjectConfigurationPlatforms) = postSolution
		{19B76B62-EADE-4695-A00B-06D30F6E6610}.Debug|Any CPU.ActiveCfg = Debug|Any CPU
		{19B76B62-EADE-4695-A00B-06D30F6E6610}.Debug|Any CPU.Build.0 = Debug|Any CPU
		{19B76B62-EADE-4695-A00B-06D30F6E6610}.Release|Any CPU.ActiveCfg = Release|Any CPU
		{19B76B62-EADE-4695-A00B-06D30F6E6610}.Release|Any CPU.Build.0 = Release|Any CPU
	EndGlobalSection
	GlobalSection(SolutionProperties) = preSolution
		HideSolutionNode = FALSE
	EndGlobalSection
	GlobalSection(ExtensibilityGlobals) = postSolution
		SolutionGuid = {473EE278-8EAD-42C6-B9A6-5AB8AA12B830}
	EndGlobalSection
EndGlobal
